// !$*UTF8*$!
{
	archiveVersion = 1;
	classes = {
	};
	objectVersion = 48;
	objects = {

/* Begin PBXBuildFile section */
		D2CEEC0B1FC4948200CCE777 /* AppDelegate.swift in Sources */ = {isa = PBXBuildFile; fileRef = D2CEEC0A1FC4948200CCE777 /* AppDelegate.swift */; };
		D2CEEC0D1FC4948200CCE777 /* WelcomeVC.swift in Sources */ = {isa = PBXBuildFile; fileRef = D2CEEC0C1FC4948200CCE777 /* WelcomeVC.swift */; };
		D2CEEC101FC4948200CCE777 /* Main.storyboard in Resources */ = {isa = PBXBuildFile; fileRef = D2CEEC0E1FC4948200CCE777 /* Main.storyboard */; };
		D2CEEC121FC4948200CCE777 /* Assets.xcassets in Resources */ = {isa = PBXBuildFile; fileRef = D2CEEC111FC4948200CCE777 /* Assets.xcassets */; };
		D2CEEC151FC4948200CCE777 /* LaunchScreen.storyboard in Resources */ = {isa = PBXBuildFile; fileRef = D2CEEC131FC4948200CCE777 /* LaunchScreen.storyboard */; };
		D2CEEC201FC4948200CCE777 /* app_swooshTests.swift in Sources */ = {isa = PBXBuildFile; fileRef = D2CEEC1F1FC4948200CCE777 /* app_swooshTests.swift */; };
		D2CEEC2B1FC4948200CCE777 /* app_swooshUITests.swift in Sources */ = {isa = PBXBuildFile; fileRef = D2CEEC2A1FC4948200CCE777 /* app_swooshUITests.swift */; };
		D2CEEC3A1FC5B28900CCE777 /* BorderButton.swift in Sources */ = {isa = PBXBuildFile; fileRef = D2CEEC391FC5B28900CCE777 /* BorderButton.swift */; };
		D2CEEC3F1FC9A94400CCE777 /* LeagueVC.swift in Sources */ = {isa = PBXBuildFile; fileRef = D2CEEC3E1FC9A94400CCE777 /* LeagueVC.swift */; };
/* End PBXBuildFile section */

/* Begin PBXContainerItemProxy section */
		D2CEEC1C1FC4948200CCE777 /* PBXContainerItemProxy */ = {
			isa = PBXContainerItemProxy;
			containerPortal = D2CEEBFF1FC4948200CCE777 /* Project object */;
			proxyType = 1;
			remoteGlobalIDString = D2CEEC061FC4948200CCE777;
			remoteInfo = "app-swoosh";
		};
		D2CEEC271FC4948200CCE777 /* PBXContainerItemProxy */ = {
			isa = PBXContainerItemProxy;
			containerPortal = D2CEEBFF1FC4948200CCE777 /* Project object */;
			proxyType = 1;
			remoteGlobalIDString = D2CEEC061FC4948200CCE777;
			remoteInfo = "app-swoosh";
		};
/* End PBXContainerItemProxy section */

/* Begin PBXFileReference section */
		D2CEEC071FC4948200CCE777 /* app-swoosh.app */ = {isa = PBXFileReference; explicitFileType = wrapper.application; includeInIndex = 0; path = "app-swoosh.app"; sourceTree = BUILT_PRODUCTS_DIR; };
		D2CEEC0A1FC4948200CCE777 /* AppDelegate.swift */ = {isa = PBXFileReference; lastKnownFileType = sourcecode.swift; path = AppDelegate.swift; sourceTree = "<group>"; };
		D2CEEC0C1FC4948200CCE777 /* WelcomeVC.swift */ = {isa = PBXFileReference; lastKnownFileType = sourcecode.swift; name = WelcomeVC.swift; path = ../../WelcomeVC.swift; sourceTree = "<group>"; };
		D2CEEC0F1FC4948200CCE777 /* Base */ = {isa = PBXFileReference; lastKnownFileType = file.storyboard; name = Base; path = Base.lproj/Main.storyboard; sourceTree = "<group>"; };
		D2CEEC111FC4948200CCE777 /* Assets.xcassets */ = {isa = PBXFileReference; lastKnownFileType = folder.assetcatalog; path = Assets.xcassets; sourceTree = "<group>"; };
		D2CEEC141FC4948200CCE777 /* Base */ = {isa = PBXFileReference; lastKnownFileType = file.storyboard; name = Base; path = Base.lproj/LaunchScreen.storyboard; sourceTree = "<group>"; };
		D2CEEC161FC4948200CCE777 /* Info.plist */ = {isa = PBXFileReference; lastKnownFileType = text.plist.xml; path = Info.plist; sourceTree = "<group>"; };
		D2CEEC1B1FC4948200CCE777 /* app-swooshTests.xctest */ = {isa = PBXFileReference; explicitFileType = wrapper.cfbundle; includeInIndex = 0; path = "app-swooshTests.xctest"; sourceTree = BUILT_PRODUCTS_DIR; };
		D2CEEC1F1FC4948200CCE777 /* app_swooshTests.swift */ = {isa = PBXFileReference; lastKnownFileType = sourcecode.swift; path = app_swooshTests.swift; sourceTree = "<group>"; };
		D2CEEC211FC4948200CCE777 /* Info.plist */ = {isa = PBXFileReference; lastKnownFileType = text.plist.xml; path = Info.plist; sourceTree = "<group>"; };
		D2CEEC261FC4948200CCE777 /* app-swooshUITests.xctest */ = {isa = PBXFileReference; explicitFileType = wrapper.cfbundle; includeInIndex = 0; path = "app-swooshUITests.xctest"; sourceTree = BUILT_PRODUCTS_DIR; };
		D2CEEC2A1FC4948200CCE777 /* app_swooshUITests.swift */ = {isa = PBXFileReference; lastKnownFileType = sourcecode.swift; path = app_swooshUITests.swift; sourceTree = "<group>"; };
		D2CEEC2C1FC4948200CCE777 /* Info.plist */ = {isa = PBXFileReference; lastKnownFileType = text.plist.xml; path = Info.plist; sourceTree = "<group>"; };
		D2CEEC391FC5B28900CCE777 /* BorderButton.swift */ = {isa = PBXFileReference; lastKnownFileType = sourcecode.swift; path = BorderButton.swift; sourceTree = "<group>"; };
		D2CEEC3E1FC9A94400CCE777 /* LeagueVC.swift */ = {isa = PBXFileReference; lastKnownFileType = sourcecode.swift; path = LeagueVC.swift; sourceTree = "<group>"; };
/* End PBXFileReference section */

/* Begin PBXFrameworksBuildPhase section */
		D2CEEC041FC4948200CCE777 /* Frameworks */ = {
			isa = PBXFrameworksBuildPhase;
			buildActionMask = 2147483647;
			files = (
			);
			runOnlyForDeploymentPostprocessing = 0;
		};
		D2CEEC181FC4948200CCE777 /* Frameworks */ = {
			isa = PBXFrameworksBuildPhase;
			buildActionMask = 2147483647;
			files = (
			);
			runOnlyForDeploymentPostprocessing = 0;
		};
		D2CEEC231FC4948200CCE777 /* Frameworks */ = {
			isa = PBXFrameworksBuildPhase;
			buildActionMask = 2147483647;
			files = (
			);
			runOnlyForDeploymentPostprocessing = 0;
		};
/* End PBXFrameworksBuildPhase section */

/* Begin PBXGroup section */
		D2CEEBFE1FC4948200CCE777 = {
			isa = PBXGroup;
			children = (
				D2CEEC091FC4948200CCE777 /* app-swoosh */,
				D2CEEC1E1FC4948200CCE777 /* app-swooshTests */,
				D2CEEC291FC4948200CCE777 /* app-swooshUITests */,
				D2CEEC081FC4948200CCE777 /* Products */,
			);
			sourceTree = "<group>";
		};
		D2CEEC081FC4948200CCE777 /* Products */ = {
			isa = PBXGroup;
			children = (
				D2CEEC071FC4948200CCE777 /* app-swoosh.app */,
				D2CEEC1B1FC4948200CCE777 /* app-swooshTests.xctest */,
				D2CEEC261FC4948200CCE777 /* app-swooshUITests.xctest */,
			);
			name = Products;
			sourceTree = "<group>";
		};
		D2CEEC091FC4948200CCE777 /* app-swoosh */ = {
			isa = PBXGroup;
			children = (
				D2CEEC3C1FC9A7FA00CCE777 /* Model */,
				D2CEEC3D1FC9A8B000CCE777 /* Controller */,
				D2CEEC381FC5B1E300CCE777 /* View */,
				D2CEEC0A1FC4948200CCE777 /* AppDelegate.swift */,
				D2CEEC0E1FC4948200CCE777 /* Main.storyboard */,
				D2CEEC111FC4948200CCE777 /* Assets.xcassets */,
				D2CEEC131FC4948200CCE777 /* LaunchScreen.storyboard */,
				D2CEEC161FC4948200CCE777 /* Info.plist */,
			);
			path = "app-swoosh";
			sourceTree = "<group>";
		};
		D2CEEC1E1FC4948200CCE777 /* app-swooshTests */ = {
			isa = PBXGroup;
			children = (
				D2CEEC1F1FC4948200CCE777 /* app_swooshTests.swift */,
				D2CEEC211FC4948200CCE777 /* Info.plist */,
			);
			path = "app-swooshTests";
			sourceTree = "<group>";
		};
		D2CEEC291FC4948200CCE777 /* app-swooshUITests */ = {
			isa = PBXGroup;
			children = (
				D2CEEC2A1FC4948200CCE777 /* app_swooshUITests.swift */,
				D2CEEC2C1FC4948200CCE777 /* Info.plist */,
			);
			path = "app-swooshUITests";
			sourceTree = "<group>";
		};
		D2CEEC381FC5B1E300CCE777 /* View */ = {
			isa = PBXGroup;
			children = (
				D2CEEC391FC5B28900CCE777 /* BorderButton.swift */,
			);
			path = View;
			sourceTree = "<group>";
		};
		D2CEEC3C1FC9A7FA00CCE777 /* Model */ = {
			isa = PBXGroup;
			children = (
			);
			path = Model;
			sourceTree = "<group>";
		};
		D2CEEC3D1FC9A8B000CCE777 /* Controller */ = {
			isa = PBXGroup;
			children = (
				D2CEEC0C1FC4948200CCE777 /* WelcomeVC.swift */,
				D2CEEC3E1FC9A94400CCE777 /* LeagueVC.swift */,
			);
			path = Controller;
			sourceTree = "<group>";
		};
/* End PBXGroup section */

/* Begin PBXNativeTarget section */
		D2CEEC061FC4948200CCE777 /* app-swoosh */ = {
			isa = PBXNativeTarget;
			buildConfigurationList = D2CEEC2F1FC4948200CCE777 /* Build configuration list for PBXNativeTarget "app-swoosh" */;
			buildPhases = (
				D2CEEC031FC4948200CCE777 /* Sources */,
				D2CEEC041FC4948200CCE777 /* Frameworks */,
				D2CEEC051FC4948200CCE777 /* Resources */,
			);
			buildRules = (
			);
			dependencies = (
			);
			name = "app-swoosh";
			productName = "app-swoosh";
			productReference = D2CEEC071FC4948200CCE777 /* app-swoosh.app */;
			productType = "com.apple.product-type.application";
		};
		D2CEEC1A1FC4948200CCE777 /* app-swooshTests */ = {
			isa = PBXNativeTarget;
			buildConfigurationList = D2CEEC321FC4948200CCE777 /* Build configuration list for PBXNativeTarget "app-swooshTests" */;
			buildPhases = (
				D2CEEC171FC4948200CCE777 /* Sources */,
				D2CEEC181FC4948200CCE777 /* Frameworks */,
				D2CEEC191FC4948200CCE777 /* Resources */,
			);
			buildRules = (
			);
			dependencies = (
				D2CEEC1D1FC4948200CCE777 /* PBXTargetDependency */,
			);
			name = "app-swooshTests";
			productName = "app-swooshTests";
			productReference = D2CEEC1B1FC4948200CCE777 /* app-swooshTests.xctest */;
			productType = "com.apple.product-type.bundle.unit-test";
		};
		D2CEEC251FC4948200CCE777 /* app-swooshUITests */ = {
			isa = PBXNativeTarget;
			buildConfigurationList = D2CEEC351FC4948200CCE777 /* Build configuration list for PBXNativeTarget "app-swooshUITests" */;
			buildPhases = (
				D2CEEC221FC4948200CCE777 /* Sources */,
				D2CEEC231FC4948200CCE777 /* Frameworks */,
				D2CEEC241FC4948200CCE777 /* Resources */,
			);
			buildRules = (
			);
			dependencies = (
				D2CEEC281FC4948200CCE777 /* PBXTargetDependency */,
			);
			name = "app-swooshUITests";
			productName = "app-swooshUITests";
			productReference = D2CEEC261FC4948200CCE777 /* app-swooshUITests.xctest */;
			productType = "com.apple.product-type.bundle.ui-testing";
		};
/* End PBXNativeTarget section */

/* Begin PBXProject section */
		D2CEEBFF1FC4948200CCE777 /* Project object */ = {
			isa = PBXProject;
			attributes = {
				LastSwiftUpdateCheck = 0910;
				LastUpgradeCheck = 0910;
				ORGANIZATIONNAME = "Burcak Akiska";
				TargetAttributes = {
					D2CEEC061FC4948200CCE777 = {
						CreatedOnToolsVersion = 9.1;
						ProvisioningStyle = Automatic;
					};
					D2CEEC1A1FC4948200CCE777 = {
						CreatedOnToolsVersion = 9.1;
						ProvisioningStyle = Automatic;
						TestTargetID = D2CEEC061FC4948200CCE777;
					};
					D2CEEC251FC4948200CCE777 = {
						CreatedOnToolsVersion = 9.1;
						ProvisioningStyle = Automatic;
						TestTargetID = D2CEEC061FC4948200CCE777;
					};
				};
			};
			buildConfigurationList = D2CEEC021FC4948200CCE777 /* Build configuration list for PBXProject "app-swoosh" */;
			compatibilityVersion = "Xcode 8.0";
			developmentRegion = en;
			hasScannedForEncodings = 0;
			knownRegions = (
				en,
				Base,
			);
			mainGroup = D2CEEBFE1FC4948200CCE777;
			productRefGroup = D2CEEC081FC4948200CCE777 /* Products */;
			projectDirPath = "";
			projectRoot = "";
			targets = (
				D2CEEC061FC4948200CCE777 /* app-swoosh */,
				D2CEEC1A1FC4948200CCE777 /* app-swooshTests */,
				D2CEEC251FC4948200CCE777 /* app-swooshUITests */,
			);
		};
/* End PBXProject section */

/* Begin PBXResourcesBuildPhase section */
		D2CEEC051FC4948200CCE777 /* Resources */ = {
			isa = PBXResourcesBuildPhase;
			buildActionMask = 2147483647;
			files = (
				D2CEEC151FC4948200CCE777 /* LaunchScreen.storyboard in Resources */,
				D2CEEC121FC4948200CCE777 /* Assets.xcassets in Resources */,
				D2CEEC101FC4948200CCE777 /* Main.storyboard in Resources */,
			);
			runOnlyForDeploymentPostprocessing = 0;
		};
		D2CEEC191FC4948200CCE777 /* Resources */ = {
			isa = PBXResourcesBuildPhase;
			buildActionMask = 2147483647;
			files = (
			);
			runOnlyForDeploymentPostprocessing = 0;
		};
		D2CEEC241FC4948200CCE777 /* Resources */ = {
			isa = PBXResourcesBuildPhase;
			buildActionMask = 2147483647;
			files = (
			);
			runOnlyForDeploymentPostprocessing = 0;
		};
/* End PBXResourcesBuildPhase section */

/* Begin PBXSourcesBuildPhase section */
		D2CEEC031FC4948200CCE777 /* Sources */ = {
			isa = PBXSourcesBuildPhase;
			buildActionMask = 2147483647;
			files = (
				D2CEEC0D1FC4948200CCE777 /* WelcomeVC.swift in Sources */,
				D2CEEC3F1FC9A94400CCE777 /* LeagueVC.swift in Sources */,
				D2CEEC0B1FC4948200CCE777 /* AppDelegate.swift in Sources */,
				D2CEEC3A1FC5B28900CCE777 /* BorderButton.swift in Sources */,
			);
			runOnlyForDeploymentPostprocessing = 0;
		};
		D2CEEC171FC4948200CCE777 /* Sources */ = {
			isa = PBXSourcesBuildPhase;
			buildActionMask = 2147483647;
			files = (
				D2CEEC201FC4948200CCE777 /* app_swooshTests.swift in Sources */,
			);
			runOnlyForDeploymentPostprocessing = 0;
		};
		D2CEEC221FC4948200CCE777 /* Sources */ = {
			isa = PBXSourcesBuildPhase;
			buildActionMask = 2147483647;
			files = (
				D2CEEC2B1FC4948200CCE777 /* app_swooshUITests.swift in Sources */,
			);
			runOnlyForDeploymentPostprocessing = 0;
		};
/* End PBXSourcesBuildPhase section */

/* Begin PBXTargetDependency section */
		D2CEEC1D1FC4948200CCE777 /* PBXTargetDependency */ = {
			isa = PBXTargetDependency;
			target = D2CEEC061FC4948200CCE777 /* app-swoosh */;
			targetProxy = D2CEEC1C1FC4948200CCE777 /* PBXContainerItemProxy */;
		};
		D2CEEC281FC4948200CCE777 /* PBXTargetDependency */ = {
			isa = PBXTargetDependency;
			target = D2CEEC061FC4948200CCE777 /* app-swoosh */;
			targetProxy = D2CEEC271FC4948200CCE777 /* PBXContainerItemProxy */;
		};
/* End PBXTargetDependency section */

/* Begin PBXVariantGroup section */
		D2CEEC0E1FC4948200CCE777 /* Main.storyboard */ = {
			isa = PBXVariantGroup;
			children = (
				D2CEEC0F1FC4948200CCE777 /* Base */,
			);
			name = Main.storyboard;
			sourceTree = "<group>";
		};
		D2CEEC131FC4948200CCE777 /* LaunchScreen.storyboard */ = {
			isa = PBXVariantGroup;
			children = (
				D2CEEC141FC4948200CCE777 /* Base */,
			);
			name = LaunchScreen.storyboard;
			sourceTree = "<group>";
		};
/* End PBXVariantGroup section */

/* Begin XCBuildConfiguration section */
		D2CEEC2D1FC4948200CCE777 /* Debug */ = {
			isa = XCBuildConfiguration;
			buildSettings = {
				ALWAYS_SEARCH_USER_PATHS = NO;
				CLANG_ANALYZER_NONNULL = YES;
				CLANG_ANALYZER_NUMBER_OBJECT_CONVERSION = YES_AGGRESSIVE;
				CLANG_CXX_LANGUAGE_STANDARD = "gnu++14";
				CLANG_CXX_LIBRARY = "libc++";
				CLANG_ENABLE_MODULES = YES;
				CLANG_ENABLE_OBJC_ARC = YES;
				CLANG_WARN_BLOCK_CAPTURE_AUTORELEASING = YES;
				CLANG_WARN_BOOL_CONVERSION = YES;
				CLANG_WARN_COMMA = YES;
				CLANG_WARN_CONSTANT_CONVERSION = YES;
				CLANG_WARN_DIRECT_OBJC_ISA_USAGE = YES_ERROR;
				CLANG_WARN_DOCUMENTATION_COMMENTS = YES;
				CLANG_WARN_EMPTY_BODY = YES;
				CLANG_WARN_ENUM_CONVERSION = YES;
				CLANG_WARN_INFINITE_RECURSION = YES;
				CLANG_WARN_INT_CONVERSION = YES;
				CLANG_WARN_NON_LITERAL_NULL_CONVERSION = YES;
				CLANG_WARN_OBJC_LITERAL_CONVERSION = YES;
				CLANG_WARN_OBJC_ROOT_CLASS = YES_ERROR;
				CLANG_WARN_RANGE_LOOP_ANALYSIS = YES;
				CLANG_WARN_STRICT_PROTOTYPES = YES;
				CLANG_WARN_SUSPICIOUS_MOVE = YES;
				CLANG_WARN_UNGUARDED_AVAILABILITY = YES_AGGRESSIVE;
				CLANG_WARN_UNREACHABLE_CODE = YES;
				CLANG_WARN__DUPLICATE_METHOD_MATCH = YES;
				CODE_SIGN_IDENTITY = "iPhone Developer";
				COPY_PHASE_STRIP = NO;
				DEBUG_INFORMATION_FORMAT = dwarf;
				ENABLE_STRICT_OBJC_MSGSEND = YES;
				ENABLE_TESTABILITY = YES;
				GCC_C_LANGUAGE_STANDARD = gnu11;
				GCC_DYNAMIC_NO_PIC = NO;
				GCC_NO_COMMON_BLOCKS = YES;
				GCC_OPTIMIZATION_LEVEL = 0;
				GCC_PREPROCESSOR_DEFINITIONS = (
					"DEBUG=1",
					"$(inherited)",
				);
				GCC_WARN_64_TO_32_BIT_CONVERSION = YES;
				GCC_WARN_ABOUT_RETURN_TYPE = YES_ERROR;
				GCC_WARN_UNDECLARED_SELECTOR = YES;
				GCC_WARN_UNINITIALIZED_AUTOS = YES_AGGRESSIVE;
				GCC_WARN_UNUSED_FUNCTION = YES;
				GCC_WARN_UNUSED_VARIABLE = YES;
				IPHONEOS_DEPLOYMENT_TARGET = 11.1;
				MTL_ENABLE_DEBUG_INFO = YES;
				ONLY_ACTIVE_ARCH = YES;
				SDKROOT = iphoneos;
				SWIFT_ACTIVE_COMPILATION_CONDITIONS = DEBUG;
				SWIFT_OPTIMIZATION_LEVEL = "-Onone";
			};
			name = Debug;
		};
		D2CEEC2E1FC4948200CCE777 /* Release */ = {
			isa = XCBuildConfiguration;
			buildSettings = {
				ALWAYS_SEARCH_USER_PATHS = NO;
				CLANG_ANALYZER_NONNULL = YES;
				CLANG_ANALYZER_NUMBER_OBJECT_CONVERSION = YES_AGGRESSIVE;
				CLANG_CXX_LANGUAGE_STANDARD = "gnu++14";
				CLANG_CXX_LIBRARY = "libc++";
				CLANG_ENABLE_MODULES = YES;
				CLANG_ENABLE_OBJC_ARC = YES;
				CLANG_WARN_BLOCK_CAPTURE_AUTORELEASING = YES;
				CLANG_WARN_BOOL_CONVERSION = YES;
				CLANG_WARN_COMMA = YES;
				CLANG_WARN_CONSTANT_CONVERSION = YES;
				CLANG_WARN_DIRECT_OBJC_ISA_USAGE = YES_ERROR;
				CLANG_WARN_DOCUMENTATION_COMMENTS = YES;
				CLANG_WARN_EMPTY_BODY = YES;
				CLANG_WARN_ENUM_CONVERSION = YES;
				CLANG_WARN_INFINITE_RECURSION = YES;
				CLANG_WARN_INT_CONVERSION = YES;
				CLANG_WARN_NON_LITERAL_NULL_CONVERSION = YES;
				CLANG_WARN_OBJC_LITERAL_CONVERSION = YES;
				CLANG_WARN_OBJC_ROOT_CLASS = YES_ERROR;
				CLANG_WARN_RANGE_LOOP_ANALYSIS = YES;
				CLANG_WARN_STRICT_PROTOTYPES = YES;
				CLANG_WARN_SUSPICIOUS_MOVE = YES;
				CLANG_WARN_UNGUARDED_AVAILABILITY = YES_AGGRESSIVE;
				CLANG_WARN_UNREACHABLE_CODE = YES;
				CLANG_WARN__DUPLICATE_METHOD_MATCH = YES;
				CODE_SIGN_IDENTITY = "iPhone Developer";
				COPY_PHASE_STRIP = NO;
				DEBUG_INFORMATION_FORMAT = "dwarf-with-dsym";
				ENABLE_NS_ASSERTIONS = NO;
				ENABLE_STRICT_OBJC_MSGSEND = YES;
				GCC_C_LANGUAGE_STANDARD = gnu11;
				GCC_NO_COMMON_BLOCKS = YES;
				GCC_WARN_64_TO_32_BIT_CONVERSION = YES;
				GCC_WARN_ABOUT_RETURN_TYPE = YES_ERROR;
				GCC_WARN_UNDECLARED_SELECTOR = YES;
				GCC_WARN_UNINITIALIZED_AUTOS = YES_AGGRESSIVE;
				GCC_WARN_UNUSED_FUNCTION = YES;
				GCC_WARN_UNUSED_VARIABLE = YES;
				IPHONEOS_DEPLOYMENT_TARGET = 11.1;
				MTL_ENABLE_DEBUG_INFO = NO;
				SDKROOT = iphoneos;
				SWIFT_OPTIMIZATION_LEVEL = "-Owholemodule";
				VALIDATE_PRODUCT = YES;
			};
			name = Release;
		};
		D2CEEC301FC4948200CCE777 /* Debug */ = {
			isa = XCBuildConfiguration;
			buildSettings = {
				ASSETCATALOG_COMPILER_APPICON_NAME = AppIcon;
				CODE_SIGN_STYLE = Automatic;
				DEVELOPMENT_TEAM = Q957YC954P;
				INFOPLIST_FILE = "app-swoosh/Info.plist";
				LD_RUNPATH_SEARCH_PATHS = "$(inherited) @executable_path/Frameworks";
				PRODUCT_BUNDLE_IDENTIFIER = "com.akiska.app-swoosh";
				PRODUCT_NAME = "$(TARGET_NAME)";
				SWIFT_VERSION = 4.0;
				TARGETED_DEVICE_FAMILY = "1,2";
			};
			name = Debug;
		};
		D2CEEC311FC4948200CCE777 /* Release */ = {
			isa = XCBuildConfiguration;
			buildSettings = {
				ASSETCATALOG_COMPILER_APPICON_NAME = AppIcon;
				CODE_SIGN_STYLE = Automatic;
				DEVELOPMENT_TEAM = Q957YC954P;
				INFOPLIST_FILE = "app-swoosh/Info.plist";
				LD_RUNPATH_SEARCH_PATHS = "$(inherited) @executable_path/Frameworks";
				PRODUCT_BUNDLE_IDENTIFIER = "com.akiska.app-swoosh";
				PRODUCT_NAME = "$(TARGET_NAME)";
				SWIFT_VERSION = 4.0;
				TARGETED_DEVICE_FAMILY = "1,2";
			};
			name = Release;
		};
		D2CEEC331FC4948200CCE777 /* Debug */ = {
			isa = XCBuildConfiguration;
			buildSettings = {
				ALWAYS_EMBED_SWIFT_STANDARD_LIBRARIES = YES;
				BUNDLE_LOADER = "$(TEST_HOST)";
				CODE_SIGN_STYLE = Automatic;
				DEVELOPMENT_TEAM = Q957YC954P;
				INFOPLIST_FILE = "app-swooshTests/Info.plist";
				LD_RUNPATH_SEARCH_PATHS = "$(inherited) @executable_path/Frameworks @loader_path/Frameworks";
				PRODUCT_BUNDLE_IDENTIFIER = "com.akiska.app-swooshTests";
				PRODUCT_NAME = "$(TARGET_NAME)";
				SWIFT_VERSION = 4.0;
				TARGETED_DEVICE_FAMILY = "1,2";
				TEST_HOST = "$(BUILT_PRODUCTS_DIR)/app-swoosh.app/app-swoosh";
			};
			name = Debug;
		};
		D2CEEC341FC4948200CCE777 /* Release */ = {
			isa = XCBuildConfiguration;
			buildSettings = {
				ALWAYS_EMBED_SWIFT_STANDARD_LIBRARIES = YES;
				BUNDLE_LOADER = "$(TEST_HOST)";
				CODE_SIGN_STYLE = Automatic;
				DEVELOPMENT_TEAM = Q957YC954P;
				INFOPLIST_FILE = "app-swooshTests/Info.plist";
				LD_RUNPATH_SEARCH_PATHS = "$(inherited) @executable_path/Frameworks @loader_path/Frameworks";
				PRODUCT_BUNDLE_IDENTIFIER = "com.akiska.app-swooshTests";
				PRODUCT_NAME = "$(TARGET_NAME)";
				SWIFT_VERSION = 4.0;
				TARGETED_DEVICE_FAMILY = "1,2";
				TEST_HOST = "$(BUILT_PRODUCTS_DIR)/app-swoosh.app/app-swoosh";
			};
			name = Release;
		};
		D2CEEC361FC4948200CCE777 /* Debug */ = {
			isa = XCBuildConfiguration;
			buildSettings = {
				ALWAYS_EMBED_SWIFT_STANDARD_LIBRARIES = YES;
				CODE_SIGN_STYLE = Automatic;
				DEVELOPMENT_TEAM = Q957YC954P;
				INFOPLIST_FILE = "app-swooshUITests/Info.plist";
				LD_RUNPATH_SEARCH_PATHS = "$(inherited) @executable_path/Frameworks @loader_path/Frameworks";
				PRODUCT_BUNDLE_IDENTIFIER = "com.akiska.app-swooshUITests";
				PRODUCT_NAME = "$(TARGET_NAME)";
				SWIFT_VERSION = 4.0;
				TARGETED_DEVICE_FAMILY = "1,2";
				TEST_TARGET_NAME = "app-swoosh";
			};
			name = Debug;
		};
		D2CEEC371FC4948200CCE777 /* Release */ = {
			isa = XCBuildConfiguration;
			buildSettings = {
				ALWAYS_EMBED_SWIFT_STANDARD_LIBRARIES = YES;
				CODE_SIGN_STYLE = Automatic;
				DEVELOPMENT_TEAM = Q957YC954P;
				INFOPLIST_FILE = "app-swooshUITests/Info.plist";
				LD_RUNPATH_SEARCH_PATHS = "$(inherited) @executable_path/Frameworks @loader_path/Frameworks";
				PRODUCT_BUNDLE_IDENTIFIER = "com.akiska.app-swooshUITests";
				PRODUCT_NAME = "$(TARGET_NAME)";
				SWIFT_VERSION = 4.0;
				TARGETED_DEVICE_FAMILY = "1,2";
				TEST_TARGET_NAME = "app-swoosh";
			};
			name = Release;
		};
/* End XCBuildConfiguration section */

/* Begin XCConfigurationList section */
		D2CEEC021FC4948200CCE777 /* Build configuration list for PBXProject "app-swoosh" */ = {
			isa = XCConfigurationList;
			buildConfigurations = (
				D2CEEC2D1FC4948200CCE777 /* Debug */,
				D2CEEC2E1FC4948200CCE777 /* Release */,
			);
			defaultConfigurationIsVisible = 0;
			defaultConfigurationName = Release;
		};
		D2CEEC2F1FC4948200CCE777 /* Build configuration list for PBXNativeTarget "app-swoosh" */ = {
			isa = XCConfigurationList;
			buildConfigurations = (
				D2CEEC301FC4948200CCE777 /* Debug */,
				D2CEEC311FC4948200CCE777 /* Release */,
			);
			defaultConfigurationIsVisible = 0;
			defaultConfigurationName = Release;
		};
		D2CEEC321FC4948200CCE777 /* Build configuration list for PBXNativeTarget "app-swooshTests" */ = {
			isa = XCConfigurationList;
			buildConfigurations = (
				D2CEEC331FC4948200CCE777 /* Debug */,
				D2CEEC341FC4948200CCE777 /* Release */,
			);
			defaultConfigurationIsVisible = 0;
			defaultConfigurationName = Release;
		};
		D2CEEC351FC4948200CCE777 /* Build configuration list for PBXNativeTarget "app-swooshUITests" */ = {
			isa = XCConfigurationList;
			buildConfigurations = (
				D2CEEC361FC4948200CCE777 /* Debug */,
				D2CEEC371FC4948200CCE777 /* Release */,
			);
			defaultConfigurationIsVisible = 0;
			defaultConfigurationName = Release;
		};
/* End XCConfigurationList section */
	};
	rootObject = D2CEEBFF1FC4948200CCE777 /* Project object */;
}
